
Microsoft Visual Studio Solution File, Format Version 12.00
# Visual Studio 15
VisualStudioVersion = 15.0.27130.2020
MinimumVisualStudioVersion = 10.0.40219.1
Project("{FAE04EC0-301F-11D3-BF4B-00C04F79EFBC}") = "Tetris", "Tetris\Tetris.csproj", "{AEF742BA-8B80-4E3B-BDA3-8B451EE3AA15}"
EndProject
Global
	GlobalSection(SolutionConfigurationPlatforms) = preSolution
		Debug|Any CPU = Debug|Any CPU
		Release|Any CPU = Release|Any CPU
	EndGlobalSection
	GlobalSection(ProjectConfigurationPlatforms) = postSolution
		{AEF742BA-8B80-4E3B-BDA3-8B451EE3AA15}.Debug|Any CPU.ActiveCfg = Debug|Any CPU
		{AEF742BA-8B80-4E3B-BDA3-8B451EE3AA15}.Debug|Any CPU.Build.0 = Debug|Any CPU
		{AEF742BA-8B80-4E3B-BDA3-8B451EE3AA15}.Release|Any CPU.ActiveCfg = Release|Any CPU
		{AEF742BA-8B80-4E3B-BDA3-8B451EE3AA15}.Release|Any CPU.Build.0 = Release|Any CPU
	EndGlobalSection
	GlobalSection(SolutionProperties) = preSolution
		HideSolutionNode = FALSE
	EndGlobalSection
	GlobalSection(ExtensibilityGlobals) = postSolution
		SolutionGuid = {024D24FB-3B3F-4148-91A6-2A21C285A2EB}
	EndGlobalSection
EndGlobal
